{
  "version": 4,
  "terraform_version": "1.15.5",
  "serial": 57,
  "lineage": "04a479c1-baf9-d15f-0f26-be5885b3893b",
  "outputs": {},
  "resources": [
    {
      "mode": "managed",
      "type": "kubectl_manifest",
      "name": "k8s",
      "provider": "provider[\"registry.terraform.io/gavinbunney/kubectl\"]",
      "instances": [
        {
          "index_key": "api-configmap.yaml",
          "schema_version": 1,
          "attributes": {
            "api_version": "v1",
            "apply_only": false,
            "force_conflicts": false,
            "force_new": false,
            "id": "/api/v1/namespaces/oficina/configmaps/api-config",
            "ignore_fields": null,
            "kind": "ConfigMap",
            "live_manifest_incluster": "84948ca07055121023d58cca363a0d83767f65789377e8d03f97d4f9dbb967e9",
            "live_uid": "8d2a291d-510a-4754-8187-e9b9ee8672e8",
            "name": "api-config",
            "namespace": "oficina",
            "override_namespace": null,
            "sensitive_fields": null,
            "server_side_apply": false,
            "timeouts": null,
            "uid": "8d2a291d-510a-4754-8187-e9b9ee8672e8",
            "validate_schema": true,
            "wait": null,
            "wait_for_rollout": true,
            "yaml_body": "apiVersion: v1\r\nkind: ConfigMap\r\nmetadata:\r\n  name: api-config\r\n  namespace: oficina\r\ndata:\r\n  ASPNETCORE_ENVIRONMENT: \"Production\"\r\n  \r\n  DB_HOST: \"sqlserver\"\r\n  DB_PORT: \"1433\"\r\n  DB_NAME: \"AutoRepairShopDb\"\r\n\r\n  LOG_LEVEL: \"Information\"",
            "yaml_body_parsed": "apiVersion: v1\ndata:\n  ASPNETCORE_ENVIRONMENT: Production\n  DB_HOST: sqlserver\n  DB_NAME: AutoRepairShopDb\n  DB_PORT: \"1433\"\n  LOG_LEVEL: Information\nkind: ConfigMap\nmetadata:\n  name: api-config\n  namespace: oficina\n",
            "yaml_incluster": "84948ca07055121023d58cca363a0d83767f65789377e8d03f97d4f9dbb967e9"
          },
          "sensitive_attributes": [
            [
              {
                "type": "get_attr",
                "value": "live_manifest_incluster"
              }
            ],
            [
              {
                "type": "get_attr",
                "value": "yaml_body"
              }
            ],
            [
              {
                "type": "get_attr",
                "value": "yaml_incluster"
              }
            ]
          ],
          "identity_schema_version": 0,
          "private": "eyJlMmJmYjczMC1lY2FhLTExZTYtOGY4OC0zNDM2M2JjN2M0YzAiOnsiY3JlYXRlIjo2MDAwMDAwMDAwMDB9LCJzY2hlbWFfdmVyc2lvbiI6IjEifQ=="
        },
        {
          "index_key": "api-deployment.yaml",
          "status": "tainted",
          "schema_version": 1,
          "attributes": {
            "api_version": "apps/v1",
            "apply_only": false,
            "force_conflicts": false,
            "force_new": false,
            "id": "/apis/apps/v1/namespaces/oficina/deployments/api",
            "ignore_fields": null,
            "kind": "Deployment",
            "live_manifest_incluster": "9d998b80e9bd3746a7bf0a2a6a7f75f57b9562959f14668a94c2cc269d028596",
            "live_uid": "6d401a62-6e11-4244-ab56-53f18359929b",
            "name": "api",
            "namespace": "oficina",
            "override_namespace": null,
            "sensitive_fields": null,
            "server_side_apply": false,
            "timeouts": null,
            "uid": "6d401a62-6e11-4244-ab56-53f18359929b",
            "validate_schema": true,
            "wait": null,
            "wait_for_rollout": true,
            "yaml_body": "apiVersion: apps/v1\r\nkind: Deployment\r\nmetadata:\r\n  name: api\r\n  namespace: oficina\r\nspec:\r\n  replicas: 1\r\n  selector:\r\n    matchLabels:\r\n      app: api\r\n  template:\r\n    metadata:\r\n      labels:\r\n        app: api\r\n    spec:\r\n      imagePullSecrets:\r\n        - name: ghcr-secret   \r\n      containers:\r\n        - name: api\r\n          image: ghcr.io/dhiuliaantunes/autorepairshop-api:latest\r\n          resources:\r\n            requests:\r\n              cpu: \"100m\"\r\n              memory: \"128Mi\"\r\n            limits:\r\n              cpu: \"500m\"\r\n              memory: \"256Mi\"\r\n          imagePullPolicy: Always\r\n          ports:\r\n            - containerPort: 8080\r\n          envFrom:\r\n            - configMapRef:\r\n                name: api-config\r\n            - secretRef:\r\n                name: sqlserver-secret\r\n            - secretRef:\r\n                name: api-secrets",
            "yaml_body_parsed": "apiVersion: apps/v1\nkind: Deployment\nmetadata:\n  name: api\n  namespace: oficina\nspec:\n  replicas: 1\n  selector:\n    matchLabels:\n      app: api\n  template:\n    metadata:\n      labels:\n        app: api\n    spec:\n      containers:\n      - envFrom:\n        - configMapRef:\n            name: api-config\n        - secretRef:\n            name: sqlserver-secret\n        - secretRef:\n            name: api-secrets\n        image: ghcr.io/dhiuliaantunes/autorepairshop-api:latest\n        imagePullPolicy: Always\n        name: api\n        ports:\n        - containerPort: 8080\n        resources:\n          limits:\n            cpu: 500m\n            memory: 256Mi\n          requests:\n            cpu: 100m\n            memory: 128Mi\n      imagePullSecrets:\n      - name: ghcr-secret\n",
            "yaml_incluster": "9d998b80e9bd3746a7bf0a2a6a7f75f57b9562959f14668a94c2cc269d028596"
          },
          "sensitive_attributes": [
            [
              {
                "type": "get_attr",
                "value": "live_manifest_incluster"
              }
            ],
            [
              {
                "type": "get_attr",
                "value": "yaml_body"
              }
            ],
            [
              {
                "type": "get_attr",
                "value": "yaml_incluster"
              }
            ]
          ],
          "identity_schema_version": 0,
          "private": "eyJlMmJmYjczMC1lY2FhLTExZTYtOGY4OC0zNDM2M2JjN2M0YzAiOnsiY3JlYXRlIjo2MDAwMDAwMDAwMDB9LCJzY2hlbWFfdmVyc2lvbiI6IjEifQ=="
        },
        {
          "index_key": "api-hpa.yaml",
          "schema_version": 1,
          "attributes": {
            "api_version": "autoscaling/v2",
            "apply_only": false,
            "force_conflicts": false,
            "force_new": false,
            "id": "/apis/autoscaling/v2/namespaces/oficina/horizontalpodautoscalers/api-hpa",
            "ignore_fields": null,
            "kind": "HorizontalPodAutoscaler",
            "live_manifest_incluster": "1581b193496afb69cf8e814adbaf5b067f008f18904f9eca0489dc94253b274f",
            "live_uid": "af29ffc9-84aa-4ee4-8675-2ec4ac987947",
            "name": "api-hpa",
            "namespace": "oficina",
            "override_namespace": null,
            "sensitive_fields": null,
            "server_side_apply": false,
            "timeouts": null,
            "uid": "af29ffc9-84aa-4ee4-8675-2ec4ac987947",
            "validate_schema": true,
            "wait": null,
            "wait_for_rollout": true,
            "yaml_body": "apiVersion: autoscaling/v2\r\nkind: HorizontalPodAutoscaler\r\nmetadata:\r\n  name: api-hpa\r\n  namespace: oficina\r\nspec:\r\n  scaleTargetRef:\r\n    apiVersion: apps/v1\r\n    kind: Deployment\r\n    name: api\r\n  minReplicas: 1\r\n  maxReplicas: 5\r\n  metrics:\r\n    - type: Resource\r\n      resource:\r\n        name: cpu\r\n        target:\r\n          type: Utilization\r\n          averageUtilization: 50",
            "yaml_body_parsed": "apiVersion: autoscaling/v2\nkind: HorizontalPodAutoscaler\nmetadata:\n  name: api-hpa\n  namespace: oficina\nspec:\n  maxReplicas: 5\n  metrics:\n  - resource:\n      name: cpu\n      target:\n        averageUtilization: 50\n        type: Utilization\n    type: Resource\n  minReplicas: 1\n  scaleTargetRef:\n    apiVersion: apps/v1\n    kind: Deployment\n    name: api\n",
            "yaml_incluster": "1581b193496afb69cf8e814adbaf5b067f008f18904f9eca0489dc94253b274f"
          },
          "sensitive_attributes": [
            [
              {
                "type": "get_attr",
                "value": "live_manifest_incluster"
              }
            ],
            [
              {
                "type": "get_attr",
                "value": "yaml_body"
              }
            ],
            [
              {
                "type": "get_attr",
                "value": "yaml_incluster"
              }
            ]
          ],
          "identity_schema_version": 0,
          "private": "eyJlMmJmYjczMC1lY2FhLTExZTYtOGY4OC0zNDM2M2JjN2M0YzAiOnsiY3JlYXRlIjo2MDAwMDAwMDAwMDB9LCJzY2hlbWFfdmVyc2lvbiI6IjEifQ=="
        },
        {
          "index_key": "api-secrets.yaml",
          "schema_version": 1,
          "attributes": {
            "api_version": "v1",
            "apply_only": false,
            "force_conflicts": false,
            "force_new": false,
            "id": "/api/v1/namespaces/oficina/secrets/api-secrets",
            "ignore_fields": null,
            "kind": "Secret",
            "live_manifest_incluster": "1f8b853c97596ba42c4ce56f9b386d64a93e213a13fd4fefa3c2d98801e08766",
            "live_uid": "7fbba6e6-19a0-42a7-b54d-830a9d8f6dd7",
            "name": "api-secrets",
            "namespace": "oficina",
            "override_namespace": null,
            "sensitive_fields": null,
            "server_side_apply": false,
            "timeouts": null,
            "uid": "7fbba6e6-19a0-42a7-b54d-830a9d8f6dd7",
            "validate_schema": true,
            "wait": null,
            "wait_for_rollout": true,
            "yaml_body": "apiVersion: v1\r\nkind: Secret\r\nmetadata:\r\n  name: api-secrets\r\n  namespace: oficina\r\ntype: Opaque\r\nstringData:\r\n  Jwt__Key: \"MinhaChaveSuperSecretaComMaisDe256Bits12345678901234567890\"\r\n  Jwt__Issuer: \"AutoRepairShop\"\r\n  Jwt__Audience: \"AutoRepairShopUsers\"\r\n  Jwt__ExpiresInMinutes: \"60\"",
            "yaml_body_parsed": "apiVersion: v1\nkind: Secret\nmetadata:\n  name: api-secrets\n  namespace: oficina\nstringData:\n  Jwt__Audience: AutoRepairShopUsers\n  Jwt__ExpiresInMinutes: \"60\"\n  Jwt__Issuer: AutoRepairShop\n  Jwt__Key: MinhaChaveSuperSecretaComMaisDe256Bits12345678901234567890\ntype: Opaque\n",
            "yaml_incluster": "1f8b853c97596ba42c4ce56f9b386d64a93e213a13fd4fefa3c2d98801e08766"
          },
          "sensitive_attributes": [
            [
              {
                "type": "get_attr",
                "value": "live_manifest_incluster"
              }
            ],
            [
              {
                "type": "get_attr",
                "value": "yaml_body"
              }
            ],
            [
              {
                "type": "get_attr",
                "value": "yaml_incluster"
              }
            ]
          ],
          "identity_schema_version": 0,
          "private": "eyJlMmJmYjczMC1lY2FhLTExZTYtOGY4OC0zNDM2M2JjN2M0YzAiOnsiY3JlYXRlIjo2MDAwMDAwMDAwMDB9LCJzY2hlbWFfdmVyc2lvbiI6IjEifQ=="
        },
        {
          "index_key": "api-service.yaml",
          "schema_version": 1,
          "attributes": {
            "api_version": "v1",
            "apply_only": false,
            "force_conflicts": false,
            "force_new": false,
            "id": "/api/v1/namespaces/oficina/services/api",
            "ignore_fields": null,
            "kind": "Service",
            "live_manifest_incluster": "a497d90dab1719cac2f71843bfb436152699b0c9da29a8a459d9408f3fa4b6d4",
            "live_uid": "42d19f2f-5feb-483e-a7b3-f5d8dcb4d42f",
            "name": "api",
            "namespace": "oficina",
            "override_namespace": null,
            "sensitive_fields": null,
            "server_side_apply": false,
            "timeouts": null,
            "uid": "42d19f2f-5feb-483e-a7b3-f5d8dcb4d42f",
            "validate_schema": true,
            "wait": null,
            "wait_for_rollout": true,
            "yaml_body": "apiVersion: v1\r\nkind: Service\r\nmetadata:\r\n  name: api\r\n  namespace: oficina\r\nspec:\r\n  type: ClusterIP\r\n  selector:\r\n    app: api\r\n  ports:\r\n    - port: 80\r\n      targetPort: 8080",
            "yaml_body_parsed": "apiVersion: v1\nkind: Service\nmetadata:\n  name: api\n  namespace: oficina\nspec:\n  ports:\n  - port: 80\n    targetPort: 8080\n  selector:\n    app: api\n  type: ClusterIP\n",
            "yaml_incluster": "a497d90dab1719cac2f71843bfb436152699b0c9da29a8a459d9408f3fa4b6d4"
          },
          "sensitive_attributes": [
            [
              {
                "type": "get_attr",
                "value": "live_manifest_incluster"
              }
            ],
            [
              {
                "type": "get_attr",
                "value": "yaml_body"
              }
            ],
            [
              {
                "type": "get_attr",
                "value": "yaml_incluster"
              }
            ]
          ],
          "identity_schema_version": 0,
          "private": "eyJlMmJmYjczMC1lY2FhLTExZTYtOGY4OC0zNDM2M2JjN2M0YzAiOnsiY3JlYXRlIjo2MDAwMDAwMDAwMDB9LCJzY2hlbWFfdmVyc2lvbiI6IjEifQ=="
        },
        {
          "index_key": "namespace.yaml",
          "schema_version": 1,
          "attributes": {
            "api_version": "v1",
            "apply_only": false,
            "force_conflicts": false,
            "force_new": false,
            "id": "/api/v1/namespaces/oficina",
            "ignore_fields": null,
            "kind": "Namespace",
            "live_manifest_incluster": "4c6c16a3c52c234c1d28f3880f95f776cd65d7080fccccbf3957a08cda217e06",
            "live_uid": "994628ce-b33e-4064-8574-6e18a862786b",
            "name": "oficina",
            "namespace": null,
            "override_namespace": null,
            "sensitive_fields": null,
            "server_side_apply": false,
            "timeouts": null,
            "uid": "994628ce-b33e-4064-8574-6e18a862786b",
            "validate_schema": true,
            "wait": null,
            "wait_for_rollout": true,
            "yaml_body": "apiVersion: v1\r\nkind: Namespace\r\nmetadata:\r\n  name: oficina",
            "yaml_body_parsed": "apiVersion: v1\nkind: Namespace\nmetadata:\n  name: oficina\n",
            "yaml_incluster": "4c6c16a3c52c234c1d28f3880f95f776cd65d7080fccccbf3957a08cda217e06"
          },
          "sensitive_attributes": [
            [
              {
                "type": "get_attr",
                "value": "live_manifest_incluster"
              }
            ],
            [
              {
                "type": "get_attr",
                "value": "yaml_body"
              }
            ],
            [
              {
                "type": "get_attr",
                "value": "yaml_incluster"
              }
            ]
          ],
          "identity_schema_version": 0,
          "private": "eyJlMmJmYjczMC1lY2FhLTExZTYtOGY4OC0zNDM2M2JjN2M0YzAiOnsiY3JlYXRlIjo2MDAwMDAwMDAwMDB9LCJzY2hlbWFfdmVyc2lvbiI6IjEifQ=="
        },
        {
          "index_key": "sqlserver-deployment.yaml",
          "schema_version": 1,
          "attributes": {
            "api_version": "apps/v1",
            "apply_only": false,
            "force_conflicts": false,
            "force_new": false,
            "id": "/apis/apps/v1/namespaces/oficina/deployments/sqlserver",
            "ignore_fields": null,
            "kind": "Deployment",
            "live_manifest_incluster": "bf8714910cdc0d23704540d4307ed6b39696d66c6d9532bedb6a5fbe0c4431fd",
            "live_uid": "ac74969f-df1f-4e3a-8dbe-1298c25077ce",
            "name": "sqlserver",
            "namespace": "oficina",
            "override_namespace": null,
            "sensitive_fields": null,
            "server_side_apply": false,
            "timeouts": null,
            "uid": "ac74969f-df1f-4e3a-8dbe-1298c25077ce",
            "validate_schema": true,
            "wait": null,
            "wait_for_rollout": true,
            "yaml_body": "apiVersion: apps/v1\r\nkind: Deployment\r\nmetadata:\r\n  name: sqlserver\r\n  namespace: oficina\r\nspec:\r\n  replicas: 1\r\n  selector:\r\n    matchLabels:\r\n      app: sqlserver\r\n  template:\r\n    metadata:\r\n      labels:\r\n        app: sqlserver\r\n    spec:\r\n      containers:\r\n        - name: sqlserver\r\n          image: mcr.microsoft.com/mssql/server:2022-latest\r\n          ports:\r\n            - containerPort: 1433\r\n          env:\r\n            - name: ACCEPT_EULA\r\n              value: \"Y\"\r\n            - name: SA_PASSWORD\r\n              valueFrom:\r\n                secretKeyRef:\r\n                  name: sqlserver-secret\r\n                  key: SA_PASSWORD",
            "yaml_body_parsed": "apiVersion: apps/v1\nkind: Deployment\nmetadata:\n  name: sqlserver\n  namespace: oficina\nspec:\n  replicas: 1\n  selector:\n    matchLabels:\n      app: sqlserver\n  template:\n    metadata:\n      labels:\n        app: sqlserver\n    spec:\n      containers:\n      - env:\n        - name: ACCEPT_EULA\n          value: \"Y\"\n        - name: SA_PASSWORD\n          valueFrom:\n            secretKeyRef:\n              key: SA_PASSWORD\n              name: sqlserver-secret\n        image: mcr.microsoft.com/mssql/server:2022-latest\n        name: sqlserver\n        ports:\n        - containerPort: 1433\n",
            "yaml_incluster": "bf8714910cdc0d23704540d4307ed6b39696d66c6d9532bedb6a5fbe0c4431fd"
          },
          "sensitive_attributes": [
            [
              {
                "type": "get_attr",
                "value": "live_manifest_incluster"
              }
            ],
            [
              {
                "type": "get_attr",
                "value": "yaml_body"
              }
            ],
            [
              {
                "type": "get_attr",
                "value": "yaml_incluster"
              }
            ]
          ],
          "identity_schema_version": 0,
          "private": "eyJlMmJmYjczMC1lY2FhLTExZTYtOGY4OC0zNDM2M2JjN2M0YzAiOnsiY3JlYXRlIjo2MDAwMDAwMDAwMDB9LCJzY2hlbWFfdmVyc2lvbiI6IjEifQ=="
        },
        {
          "index_key": "sqlserver-secret.yaml",
          "schema_version": 1,
          "attributes": {
            "api_version": "v1",
            "apply_only": false,
            "force_conflicts": false,
            "force_new": false,
            "id": "/api/v1/namespaces/oficina/secrets/sqlserver-secret",
            "ignore_fields": null,
            "kind": "Secret",
            "live_manifest_incluster": "2292f639648173c40f54242555864f3c94f0abd2f93d8b9f9649b8ae13c480b3",
            "live_uid": "3cab4d0a-f881-4946-8332-92846ad9724d",
            "name": "sqlserver-secret",
            "namespace": "oficina",
            "override_namespace": null,
            "sensitive_fields": null,
            "server_side_apply": false,
            "timeouts": null,
            "uid": "3cab4d0a-f881-4946-8332-92846ad9724d",
            "validate_schema": true,
            "wait": null,
            "wait_for_rollout": true,
            "yaml_body": "apiVersion: v1\r\nkind: Secret\r\nmetadata:\r\n  name: sqlserver-secret\r\n  namespace: oficina\r\ntype: Opaque\r\nstringData:\r\n  SA_PASSWORD: \"StrongPassword@123\"\r\n  DB_NAME: \"AutoRepairShopDb\"",
            "yaml_body_parsed": "apiVersion: v1\nkind: Secret\nmetadata:\n  name: sqlserver-secret\n  namespace: oficina\nstringData:\n  DB_NAME: AutoRepairShopDb\n  SA_PASSWORD: StrongPassword@123\ntype: Opaque\n",
            "yaml_incluster": "2292f639648173c40f54242555864f3c94f0abd2f93d8b9f9649b8ae13c480b3"
          },
          "sensitive_attributes": [
            [
              {
                "type": "get_attr",
                "value": "live_manifest_incluster"
              }
            ],
            [
              {
                "type": "get_attr",
                "value": "yaml_body"
              }
            ],
            [
              {
                "type": "get_attr",
                "value": "yaml_incluster"
              }
            ]
          ],
          "identity_schema_version": 0,
          "private": "eyJlMmJmYjczMC1lY2FhLTExZTYtOGY4OC0zNDM2M2JjN2M0YzAiOnsiY3JlYXRlIjo2MDAwMDAwMDAwMDB9LCJzY2hlbWFfdmVyc2lvbiI6IjEifQ=="
        },
        {
          "index_key": "sqlserver-service.yaml",
          "schema_version": 1,
          "attributes": {
            "api_version": "v1",
            "apply_only": false,
            "force_conflicts": false,
            "force_new": false,
            "id": "/api/v1/namespaces/oficina/services/sqlserver",
            "ignore_fields": null,
            "kind": "Service",
            "live_manifest_incluster": "c7378201d49ba76ec37c6df5b64326f16c108137e4e060446ad953a4ad95de29",
            "live_uid": "3965b272-b817-47c9-a064-4b5a9b302202",
            "name": "sqlserver",
            "namespace": "oficina",
            "override_namespace": null,
            "sensitive_fields": null,
            "server_side_apply": false,
            "timeouts": null,
            "uid": "3965b272-b817-47c9-a064-4b5a9b302202",
            "validate_schema": true,
            "wait": null,
            "wait_for_rollout": true,
            "yaml_body": "apiVersion: v1\r\nkind: Service\r\nmetadata:\r\n  name: sqlserver\r\n  namespace: oficina\r\nspec:\r\n  selector:\r\n    app: sqlserver\r\n  ports:\r\n    - port: 1433\r\n      targetPort: 1433\r\n  type: ClusterIP",
            "yaml_body_parsed": "apiVersion: v1\nkind: Service\nmetadata:\n  name: sqlserver\n  namespace: oficina\nspec:\n  ports:\n  - port: 1433\n    targetPort: 1433\n  selector:\n    app: sqlserver\n  type: ClusterIP\n",
            "yaml_incluster": "c7378201d49ba76ec37c6df5b64326f16c108137e4e060446ad953a4ad95de29"
          },
          "sensitive_attributes": [
            [
              {
                "type": "get_attr",
                "value": "live_manifest_incluster"
              }
            ],
            [
              {
                "type": "get_attr",
                "value": "yaml_body"
              }
            ],
            [
              {
                "type": "get_attr",
                "value": "yaml_incluster"
              }
            ]
          ],
          "identity_schema_version": 0,
          "private": "eyJlMmJmYjczMC1lY2FhLTExZTYtOGY4OC0zNDM2M2JjN2M0YzAiOnsiY3JlYXRlIjo2MDAwMDAwMDAwMDB9LCJzY2hlbWFfdmVyc2lvbiI6IjEifQ=="
        }
      ]
    },
    {
      "mode": "managed",
      "type": "kubernetes_namespace",
      "name": "oficina",
      "provider": "provider[\"registry.terraform.io/hashicorp/kubernetes\"]",
      "instances": [
        {
          "schema_version": 0,
          "attributes": {
            "id": "oficina",
            "metadata": [
              {
                "annotations": null,
                "generate_name": "",
                "generation": 0,
                "labels": null,
                "name": "oficina",
                "resource_version": "22876",
                "uid": "994628ce-b33e-4064-8574-6e18a862786b"
              }
            ],
            "timeouts": null,
            "wait_for_default_service_account": false
          },
          "sensitive_attributes": [],
          "identity_schema_version": 1,
          "identity": {
            "api_version": "v1",
            "kind": "Namespace",
            "name": "oficina"
          },
          "private": "eyJlMmJmYjczMC1lY2FhLTExZTYtOGY4OC0zNDM2M2JjN2M0YzAiOnsiZGVsZXRlIjozMDAwMDAwMDAwMDB9fQ=="
        }
      ]
    }
  ],
  "check_results": null
}
